// !$*UTF8*$!
{
	archiveVersion = 1;
	classes = {
	};
	objectVersion = 46;
	objects = {

/* Begin PBXBuildFile section */
		5C25FEA61F68D72600F080A4 /* main.m in Sources */ = {isa = PBXBuildFile; fileRef = 5C25FEA51F68D72600F080A4 /* main.m */; };
		5C25FEB11F68D72600F080A4 /* Assets.xcassets in Resources */ = {isa = PBXBuildFile; fileRef = 5C25FEB01F68D72600F080A4 /* Assets.xcassets */; };
		5C25FEB41F68D72600F080A4 /* LaunchScreen.storyboard in Resources */ = {isa = PBXBuildFile; fileRef = 5C25FEB21F68D72600F080A4 /* LaunchScreen.storyboard */; };
		5C8BECA024C696D300412B3B /* FourViewController.m in Sources */ = {isa = PBXBuildFile; fileRef = 5C8BEC6124C696D300412B3B /* FourViewController.m */; };
		5C8BECA124C696D300412B3B /* MainTabBarController.m in Sources */ = {isa = PBXBuildFile; fileRef = 5C8BEC6324C696D300412B3B /* MainTabBarController.m */; };
		5C8BECA224C696D300412B3B /* OneViewController.m in Sources */ = {isa = PBXBuildFile; fileRef = 5C8BEC6524C696D300412B3B /* OneViewController.m */; };
		5C8BECA324C696D300412B3B /* TwoViewController.m in Sources */ = {isa = PBXBuildFile; fileRef = 5C8BEC6824C696D300412B3B /* TwoViewController.m */; };
		5C8BECA424C696D300412B3B /* ThreeViewController.m in Sources */ = {isa = PBXBuildFile; fileRef = 5C8BEC6C24C696D300412B3B /* ThreeViewController.m */; };
		5C8BECA524C696D300412B3B /* LoginViewController.m in Sources */ = {isa = PBXBuildFile; fileRef = 5C8BEC6F24C696D300412B3B /* LoginViewController.m */; };
		5C8BECA624C696D300412B3B /* WelcomeViewController.m in Sources */ = {isa = PBXBuildFile; fileRef = 5C8BEC7324C696D300412B3B /* WelcomeViewController.m */; };
		5C8BECA724C696D300412B3B /* RegisterViewController.m in Sources */ = {isa = PBXBuildFile; fileRef = 5C8BEC7524C696D300412B3B /* RegisterViewController.m */; };
		5C8BECA824C696D300412B3B /* SHSQLite.m in Sources */ = {isa = PBXBuildFile; fileRef = 5C8BEC7824C696D300412B3B /* SHSQLite.m */; };
		5C8BECAC24C696D300412B3B /* SHFileHelper.m in Sources */ = {isa = PBXBuildFile; fileRef = 5C8BEC8524C696D300412B3B /* SHFileHelper.m */; };
		5C8BECAD24C696D300412B3B /* AppDelegate.m in Sources */ = {isa = PBXBuildFile; fileRef = 5C8BEC8824C696D300412B3B /* AppDelegate.m */; };
		5C8BECAE24C696D300412B3B /* IUesrModel.m in Sources */ = {isa = PBXBuildFile; fileRef = 5C8BEC8B24C696D300412B3B /* IUesrModel.m */; };
		5C8BECBB24C6988200412B3B /* SHRequestBase.m in Sources */ = {isa = PBXBuildFile; fileRef = 5C8BECB924C6988200412B3B /* SHRequestBase.m */; };
		5C8BECBC24C6988200412B3B /* SHRequestBaseModel.m in Sources */ = {isa = PBXBuildFile; fileRef = 5C8BECBA24C6988200412B3B /* SHRequestBaseModel.m */; };
		5C8BECC024C69A7E00412B3B /* SHServerRequest.m in Sources */ = {isa = PBXBuildFile; fileRef = 5C8BECBE24C69A7E00412B3B /* SHServerRequest.m */; };
		5C8BECC324C69C7300412B3B /* AppDelegate+SHExtension.m in Sources */ = {isa = PBXBuildFile; fileRef = 5C8BECC124C69C7200412B3B /* AppDelegate+SHExtension.m */; };
		5C8BECC724C69E0300412B3B /* SHBaseTableViewCell.m in Sources */ = {isa = PBXBuildFile; fileRef = 5C8BECC624C69E0300412B3B /* SHBaseTableViewCell.m */; };
		5C8BECCA24C6A0C700412B3B /* SHBaseNavViewController.m in Sources */ = {isa = PBXBuildFile; fileRef = 5C8BECC924C6A0C700412B3B /* SHBaseNavViewController.m */; };
		5C8BECCD24C6AD2300412B3B /* SHBaseViewController.m in Sources */ = {isa = PBXBuildFile; fileRef = 5C8BECCC24C6AD2300412B3B /* SHBaseViewController.m */; };
		834CBC84253FCB2F005214EC /* SHWebViewController.m in Sources */ = {isa = PBXBuildFile; fileRef = 834CBC83253FCB2F005214EC /* SHWebViewController.m */; };
		834CBC88253FCB73005214EC /* SHBaseModel.m in Sources */ = {isa = PBXBuildFile; fileRef = 834CBC87253FCB73005214EC /* SHBaseModel.m */; };
		834CBC8C253FCB9E005214EC /* IShareModel.m in Sources */ = {isa = PBXBuildFile; fileRef = 834CBC8B253FCB9E005214EC /* IShareModel.m */; };
		83B4BAF424CADD6800F8E27B /* UIScrollView+SHExtension.m in Sources */ = {isa = PBXBuildFile; fileRef = 83B4BAF224CADD6800F8E27B /* UIScrollView+SHExtension.m */; };
		83C8913D250B56D3001AE9D1 /* SHTabBar.m in Sources */ = {isa = PBXBuildFile; fileRef = 83C8913C250B56D3001AE9D1 /* SHTabBar.m */; };
		83CCC7C7256D05D400968720 /* SHRouting.m in Sources */ = {isa = PBXBuildFile; fileRef = 83CCC7C6256D05D400968720 /* SHRouting.m */; };
		F476C9EF68A374E40415EAE1 /* Pods_iOSAPP.framework in Frameworks */ = {isa = PBXBuildFile; fileRef = 20B7BA484111B8E6CEBE7955 /* Pods_iOSAPP.framework */; };
/* End PBXBuildFile section */

/* Begin PBXFileReference section */
		16B3274A940011F3C0A1CAD0 /* Pods-iOSAPP.release.xcconfig */ = {isa = PBXFileReference; includeInIndex = 1; lastKnownFileType = text.xcconfig; name = "Pods-iOSAPP.release.xcconfig"; path = "Pods/Target Support Files/Pods-iOSAPP/Pods-iOSAPP.release.xcconfig"; sourceTree = "<group>"; };
		20B7BA484111B8E6CEBE7955 /* Pods_iOSAPP.framework */ = {isa = PBXFileReference; explicitFileType = wrapper.framework; includeInIndex = 0; path = Pods_iOSAPP.framework; sourceTree = BUILT_PRODUCTS_DIR; };
		5C25FEA11F68D72600F080A4 /* iOSAPP.app */ = {isa = PBXFileReference; explicitFileType = wrapper.application; includeInIndex = 0; path = iOSAPP.app; sourceTree = BUILT_PRODUCTS_DIR; };
		5C25FEA51F68D72600F080A4 /* main.m */ = {isa = PBXFileReference; lastKnownFileType = sourcecode.c.objc; path = main.m; sourceTree = "<group>"; };
		5C25FEB01F68D72600F080A4 /* Assets.xcassets */ = {isa = PBXFileReference; lastKnownFileType = folder.assetcatalog; path = Assets.xcassets; sourceTree = "<group>"; };
		5C25FEB31F68D72600F080A4 /* Base */ = {isa = PBXFileReference; lastKnownFileType = file.storyboard; name = Base; path = Base.lproj/LaunchScreen.storyboard; sourceTree = "<group>"; };
		5C25FEB51F68D72600F080A4 /* Info.plist */ = {isa = PBXFileReference; lastKnownFileType = text.plist.xml; path = Info.plist; sourceTree = "<group>"; };
		5C8BEC6124C696D300412B3B /* FourViewController.m */ = {isa = PBXFileReference; fileEncoding = 4; lastKnownFileType = sourcecode.c.objc; path = FourViewController.m; sourceTree = "<group>"; };
		5C8BEC6224C696D300412B3B /* FourViewController.h */ = {isa = PBXFileReference; fileEncoding = 4; lastKnownFileType = sourcecode.c.h; path = FourViewController.h; sourceTree = "<group>"; };
		5C8BEC6324C696D300412B3B /* MainTabBarController.m */ = {isa = PBXFileReference; fileEncoding = 4; lastKnownFileType = sourcecode.c.objc; path = MainTabBarController.m; sourceTree = "<group>"; };
		5C8BEC6524C696D300412B3B /* OneViewController.m */ = {isa = PBXFileReference; fileEncoding = 4; lastKnownFileType = sourcecode.c.objc; path = OneViewController.m; sourceTree = "<group>"; };
		5C8BEC6624C696D300412B3B /* OneViewController.h */ = {isa = PBXFileReference; fileEncoding = 4; lastKnownFileType = sourcecode.c.h; path = OneViewController.h; sourceTree = "<group>"; };
		5C8BEC6824C696D300412B3B /* TwoViewController.m */ = {isa = PBXFileReference; fileEncoding = 4; lastKnownFileType = sourcecode.c.objc; path = TwoViewController.m; sourceTree = "<group>"; };
		5C8BEC6924C696D300412B3B /* TwoViewController.h */ = {isa = PBXFileReference; fileEncoding = 4; lastKnownFileType = sourcecode.c.h; path = TwoViewController.h; sourceTree = "<group>"; };
		5C8BEC6A24C696D300412B3B /* MainTabBarController.h */ = {isa = PBXFileReference; fileEncoding = 4; lastKnownFileType = sourcecode.c.h; path = MainTabBarController.h; sourceTree = "<group>"; };
		5C8BEC6C24C696D300412B3B /* ThreeViewController.m */ = {isa = PBXFileReference; fileEncoding = 4; lastKnownFileType = sourcecode.c.objc; path = ThreeViewController.m; sourceTree = "<group>"; };
		5C8BEC6D24C696D300412B3B /* ThreeViewController.h */ = {isa = PBXFileReference; fileEncoding = 4; lastKnownFileType = sourcecode.c.h; path = ThreeViewController.h; sourceTree = "<group>"; };
		5C8BEC6F24C696D300412B3B /* LoginViewController.m */ = {isa = PBXFileReference; fileEncoding = 4; lastKnownFileType = sourcecode.c.objc; path = LoginViewController.m; sourceTree = "<group>"; };
		5C8BEC7024C696D300412B3B /* LoginViewController.h */ = {isa = PBXFileReference; fileEncoding = 4; lastKnownFileType = sourcecode.c.h; path = LoginViewController.h; sourceTree = "<group>"; };
		5C8BEC7224C696D300412B3B /* WelcomeViewController.h */ = {isa = PBXFileReference; fileEncoding = 4; lastKnownFileType = sourcecode.c.h; path = WelcomeViewController.h; sourceTree = "<group>"; };
		5C8BEC7324C696D300412B3B /* WelcomeViewController.m */ = {isa = PBXFileReference; fileEncoding = 4; lastKnownFileType = sourcecode.c.objc; path = WelcomeViewController.m; sourceTree = "<group>"; };
		5C8BEC7524C696D300412B3B /* RegisterViewController.m */ = {isa = PBXFileReference; fileEncoding = 4; lastKnownFileType = sourcecode.c.objc; path = RegisterViewController.m; sourceTree = "<group>"; };
		5C8BEC7624C696D300412B3B /* RegisterViewController.h */ = {isa = PBXFileReference; fileEncoding = 4; lastKnownFileType = sourcecode.c.h; path = RegisterViewController.h; sourceTree = "<group>"; };
		5C8BEC7824C696D300412B3B /* SHSQLite.m */ = {isa = PBXFileReference; fileEncoding = 4; lastKnownFileType = sourcecode.c.objc; path = SHSQLite.m; sourceTree = "<group>"; };
		5C8BEC7924C696D300412B3B /* SHSQLite.h */ = {isa = PBXFileReference; fileEncoding = 4; lastKnownFileType = sourcecode.c.h; path = SHSQLite.h; sourceTree = "<group>"; };
		5C8BEC8424C696D300412B3B /* SHFileHelper.h */ = {isa = PBXFileReference; fileEncoding = 4; lastKnownFileType = sourcecode.c.h; path = SHFileHelper.h; sourceTree = "<group>"; };
		5C8BEC8524C696D300412B3B /* SHFileHelper.m */ = {isa = PBXFileReference; fileEncoding = 4; lastKnownFileType = sourcecode.c.objc; path = SHFileHelper.m; sourceTree = "<group>"; };
		5C8BEC8724C696D300412B3B /* AppDelegate.h */ = {isa = PBXFileReference; fileEncoding = 4; lastKnownFileType = sourcecode.c.h; path = AppDelegate.h; sourceTree = "<group>"; };
		5C8BEC8824C696D300412B3B /* AppDelegate.m */ = {isa = PBXFileReference; fileEncoding = 4; lastKnownFileType = sourcecode.c.objc; path = AppDelegate.m; sourceTree = "<group>"; };
		5C8BEC8A24C696D300412B3B /* IUesrModel.h */ = {isa = PBXFileReference; fileEncoding = 4; lastKnownFileType = sourcecode.c.h; path = IUesrModel.h; sourceTree = "<group>"; };
		5C8BEC8B24C696D300412B3B /* IUesrModel.m */ = {isa = PBXFileReference; fileEncoding = 4; lastKnownFileType = sourcecode.c.objc; path = IUesrModel.m; sourceTree = "<group>"; };
		5C8BECB724C6988200412B3B /* SHRequestBaseModel.h */ = {isa = PBXFileReference; fileEncoding = 4; lastKnownFileType = sourcecode.c.h; path = SHRequestBaseModel.h; sourceTree = "<group>"; };
		5C8BECB824C6988200412B3B /* SHRequestBase.h */ = {isa = PBXFileReference; fileEncoding = 4; lastKnownFileType = sourcecode.c.h; path = SHRequestBase.h; sourceTree = "<group>"; };
		5C8BECB924C6988200412B3B /* SHRequestBase.m */ = {isa = PBXFileReference; fileEncoding = 4; lastKnownFileType = sourcecode.c.objc; path = SHRequestBase.m; sourceTree = "<group>"; };
		5C8BECBA24C6988200412B3B /* SHRequestBaseModel.m */ = {isa = PBXFileReference; fileEncoding = 4; lastKnownFileType = sourcecode.c.objc; path = SHRequestBaseModel.m; sourceTree = "<group>"; };
		5C8BECBE24C69A7E00412B3B /* SHServerRequest.m */ = {isa = PBXFileReference; fileEncoding = 4; lastKnownFileType = sourcecode.c.objc; path = SHServerRequest.m; sourceTree = "<group>"; };
		5C8BECBF24C69A7E00412B3B /* SHServerRequest.h */ = {isa = PBXFileReference; fileEncoding = 4; lastKnownFileType = sourcecode.c.h; path = SHServerRequest.h; sourceTree = "<group>"; };
		5C8BECC124C69C7200412B3B /* AppDelegate+SHExtension.m */ = {isa = PBXFileReference; fileEncoding = 4; lastKnownFileType = sourcecode.c.objc; path = "AppDelegate+SHExtension.m"; sourceTree = "<group>"; };
		5C8BECC224C69C7200412B3B /* AppDelegate+SHExtension.h */ = {isa = PBXFileReference; fileEncoding = 4; lastKnownFileType = sourcecode.c.h; path = "AppDelegate+SHExtension.h"; sourceTree = "<group>"; };
		5C8BECC524C69E0300412B3B /* SHBaseTableViewCell.h */ = {isa = PBXFileReference; lastKnownFileType = sourcecode.c.h; path = SHBaseTableViewCell.h; sourceTree = "<group>"; };
		5C8BECC624C69E0300412B3B /* SHBaseTableViewCell.m */ = {isa = PBXFileReference; lastKnownFileType = sourcecode.c.objc; path = SHBaseTableViewCell.m; sourceTree = "<group>"; };
		5C8BECC824C6A0C700412B3B /* SHBaseNavViewController.h */ = {isa = PBXFileReference; lastKnownFileType = sourcecode.c.h; path = SHBaseNavViewController.h; sourceTree = "<group>"; };
		5C8BECC924C6A0C700412B3B /* SHBaseNavViewController.m */ = {isa = PBXFileReference; lastKnownFileType = sourcecode.c.objc; path = SHBaseNavViewController.m; sourceTree = "<group>"; };
		5C8BECCB24C6AD2300412B3B /* SHBaseViewController.h */ = {isa = PBXFileReference; lastKnownFileType = sourcecode.c.h; path = SHBaseViewController.h; sourceTree = "<group>"; };
		5C8BECCC24C6AD2300412B3B /* SHBaseViewController.m */ = {isa = PBXFileReference; lastKnownFileType = sourcecode.c.objc; path = SHBaseViewController.m; sourceTree = "<group>"; };
		834CBC82253FCB2F005214EC /* SHWebViewController.h */ = {isa = PBXFileReference; lastKnownFileType = sourcecode.c.h; path = SHWebViewController.h; sourceTree = "<group>"; };
		834CBC83253FCB2F005214EC /* SHWebViewController.m */ = {isa = PBXFileReference; lastKnownFileType = sourcecode.c.objc; path = SHWebViewController.m; sourceTree = "<group>"; };
		834CBC86253FCB73005214EC /* SHBaseModel.h */ = {isa = PBXFileReference; lastKnownFileType = sourcecode.c.h; path = SHBaseModel.h; sourceTree = "<group>"; };
		834CBC87253FCB73005214EC /* SHBaseModel.m */ = {isa = PBXFileReference; lastKnownFileType = sourcecode.c.objc; path = SHBaseModel.m; sourceTree = "<group>"; };
		834CBC8A253FCB9E005214EC /* IShareModel.h */ = {isa = PBXFileReference; lastKnownFileType = sourcecode.c.h; path = IShareModel.h; sourceTree = "<group>"; };
		834CBC8B253FCB9E005214EC /* IShareModel.m */ = {isa = PBXFileReference; lastKnownFileType = sourcecode.c.objc; path = IShareModel.m; sourceTree = "<group>"; };
		83B4BAF224CADD6800F8E27B /* UIScrollView+SHExtension.m */ = {isa = PBXFileReference; lastKnownFileType = sourcecode.c.objc; name = "UIScrollView+SHExtension.m"; path = "/Users/jxdwinter/Desktop/项目/iOSAPP/iOSAPP/Category(类别)/UIScrollView+SHExtension.m"; sourceTree = "<absolute>"; };
		83B4BAF324CADD6800F8E27B /* UIScrollView+SHExtension.h */ = {isa = PBXFileReference; lastKnownFileType = sourcecode.c.h; name = "UIScrollView+SHExtension.h"; path = "/Users/jxdwinter/Desktop/项目/iOSAPP/iOSAPP/Category(类别)/UIScrollView+SHExtension.h"; sourceTree = "<absolute>"; };
		83C8913B250B56D3001AE9D1 /* SHTabBar.h */ = {isa = PBXFileReference; fileEncoding = 4; lastKnownFileType = sourcecode.c.h; path = SHTabBar.h; sourceTree = "<group>"; };
		83C8913C250B56D3001AE9D1 /* SHTabBar.m */ = {isa = PBXFileReference; fileEncoding = 4; lastKnownFileType = sourcecode.c.objc; path = SHTabBar.m; sourceTree = "<group>"; };
		83CCC7C5256D05D400968720 /* SHRouting.h */ = {isa = PBXFileReference; lastKnownFileType = sourcecode.c.h; path = SHRouting.h; sourceTree = "<group>"; };
		83CCC7C6256D05D400968720 /* SHRouting.m */ = {isa = PBXFileReference; lastKnownFileType = sourcecode.c.objc; path = SHRouting.m; sourceTree = "<group>"; };
		83CEFDCA2575D64100BC9EC4 /* XcodeKit.framework */ = {isa = PBXFileReference; lastKnownFileType = wrapper.framework; name = XcodeKit.framework; path = Library/Frameworks/XcodeKit.framework; sourceTree = DEVELOPER_DIR; };
		83D1E4682570D041003D2674 /* iOSAPP.entitlements */ = {isa = PBXFileReference; lastKnownFileType = text.plist.entitlements; path = iOSAPP.entitlements; sourceTree = "<group>"; };
		83FE1025251D8C2E006E727A /* ClassHeader.h */ = {isa = PBXFileReference; fileEncoding = 4; lastKnownFileType = sourcecode.c.h; path = ClassHeader.h; sourceTree = "<group>"; };
		83FE1026251D8C2E006E727A /* InterfaceHeader.h */ = {isa = PBXFileReference; fileEncoding = 4; lastKnownFileType = sourcecode.c.h; path = InterfaceHeader.h; sourceTree = "<group>"; };
		83FE1027251D8C2E006E727A /* PrefixHeader.pch */ = {isa = PBXFileReference; fileEncoding = 4; lastKnownFileType = sourcecode.c.h; path = PrefixHeader.pch; sourceTree = "<group>"; };
		83FE1028251D8C2E006E727A /* MacroHeader.h */ = {isa = PBXFileReference; fileEncoding = 4; lastKnownFileType = sourcecode.c.h; path = MacroHeader.h; sourceTree = "<group>"; };
		E167D128F7F0D4AB54C8C3FA /* Pods-iOSAPP.debug.xcconfig */ = {isa = PBXFileReference; includeInIndex = 1; lastKnownFileType = text.xcconfig; name = "Pods-iOSAPP.debug.xcconfig"; path = "Pods/Target Support Files/Pods-iOSAPP/Pods-iOSAPP.debug.xcconfig"; sourceTree = "<group>"; };
/* End PBXFileReference section */

/* Begin PBXFrameworksBuildPhase section */
		5C25FE9E1F68D72600F080A4 /* Frameworks */ = {
			isa = PBXFrameworksBuildPhase;
			buildActionMask = 2147483647;
			files = (
				F476C9EF68A374E40415EAE1 /* Pods_iOSAPP.framework in Frameworks */,
			);
			runOnlyForDeploymentPostprocessing = 0;
		};
/* End PBXFrameworksBuildPhase section */

/* Begin PBXGroup section */
		5C25FE981F68D72600F080A4 = {
			isa = PBXGroup;
			children = (
				5C25FEA31F68D72600F080A4 /* iOSAPP */,
				5C25FEA21F68D72600F080A4 /* Products */,
				8CCAE27E56201EEE836CD64C /* Pods */,
				B98DA3A33A21CC1FD9E21B80 /* Frameworks */,
			);
			sourceTree = "<group>";
		};
		5C25FEA21F68D72600F080A4 /* Products */ = {
			isa = PBXGroup;
			children = (
				5C25FEA11F68D72600F080A4 /* iOSAPP.app */,
			);
			name = Products;
			sourceTree = "<group>";
		};
		5C25FEA31F68D72600F080A4 /* iOSAPP */ = {
			isa = PBXGroup;
			children = (
				83D1E4682570D041003D2674 /* iOSAPP.entitlements */,
				83CCC7C4256D05B000968720 /* SHRouting(路由) */,
				83FE1024251D8C2E006E727A /* Header(头文件) */,
				5C8BECC424C69DD900412B3B /* BaseClass(基类) */,
				5C8BEC8C24C696D300412B3B /* Category(类别) */,
				5C8BEC7F24C696D300412B3B /* Common(公共) */,
				5C8BEC5E24C696D300412B3B /* Interface(界面) */,
				5C8BEC8924C696D300412B3B /* Model(模型) */,
				5C8BEC8624C696D300412B3B /* Other(其他) */,
				5C8BEC7A24C696D300412B3B /* Service(网络请求) */,
				5C8BEC7724C696D300412B3B /* Storage(存储) */,
				5C25FEA41F68D72600F080A4 /* Supporting Files */,
			);
			path = iOSAPP;
			sourceTree = "<group>";
		};
		5C25FEA41F68D72600F080A4 /* Supporting Files */ = {
			isa = PBXGroup;
			children = (
				5C25FEB01F68D72600F080A4 /* Assets.xcassets */,
				5C25FEB21F68D72600F080A4 /* LaunchScreen.storyboard */,
				5C25FEB51F68D72600F080A4 /* Info.plist */,
				5C25FEA51F68D72600F080A4 /* main.m */,
			);
			name = "Supporting Files";
			sourceTree = "<group>";
		};
		5C8BEC5E24C696D300412B3B /* Interface(界面) */ = {
			isa = PBXGroup;
			children = (
				5C8BEC5F24C696D300412B3B /* Main(主界面) */,
				5C8BEC6E24C696D300412B3B /* Login(登录) */,
				5C8BEC7124C696D300412B3B /* Welcome(欢迎界面) */,
				5C8BEC7424C696D300412B3B /* Register(注册) */,
			);
			path = "Interface(界面)";
			sourceTree = "<group>";
		};
		5C8BEC5F24C696D300412B3B /* Main(主界面) */ = {
			isa = PBXGroup;
			children = (
				83C8913B250B56D3001AE9D1 /* SHTabBar.h */,
				83C8913C250B56D3001AE9D1 /* SHTabBar.m */,
				5C8BEC6A24C696D300412B3B /* MainTabBarController.h */,
				5C8BEC6324C696D300412B3B /* MainTabBarController.m */,
				5C8BEC6424C696D300412B3B /* One(第一个) */,
				5C8BEC6724C696D300412B3B /* Two(第二个) */,
				5C8BEC6B24C696D300412B3B /* Three(第三个) */,
				5C8BEC6024C696D300412B3B /* Four(第四个) */,
			);
			path = "Main(主界面)";
			sourceTree = "<group>";
		};
		5C8BEC6024C696D300412B3B /* Four(第四个) */ = {
			isa = PBXGroup;
			children = (
				5C8BEC6224C696D300412B3B /* FourViewController.h */,
				5C8BEC6124C696D300412B3B /* FourViewController.m */,
			);
			path = "Four(第四个)";
			sourceTree = "<group>";
		};
		5C8BEC6424C696D300412B3B /* One(第一个) */ = {
			isa = PBXGroup;
			children = (
				5C8BEC6624C696D300412B3B /* OneViewController.h */,
				5C8BEC6524C696D300412B3B /* OneViewController.m */,
			);
			path = "One(第一个)";
			sourceTree = "<group>";
		};
		5C8BEC6724C696D300412B3B /* Two(第二个) */ = {
			isa = PBXGroup;
			children = (
				5C8BEC6924C696D300412B3B /* TwoViewController.h */,
				5C8BEC6824C696D300412B3B /* TwoViewController.m */,
			);
			path = "Two(第二个)";
			sourceTree = "<group>";
		};
		5C8BEC6B24C696D300412B3B /* Three(第三个) */ = {
			isa = PBXGroup;
			children = (
				5C8BEC6D24C696D300412B3B /* ThreeViewController.h */,
				5C8BEC6C24C696D300412B3B /* ThreeViewController.m */,
			);
			path = "Three(第三个)";
			sourceTree = "<group>";
		};
		5C8BEC6E24C696D300412B3B /* Login(登录) */ = {
			isa = PBXGroup;
			children = (
				5C8BEC7024C696D300412B3B /* LoginViewController.h */,
				5C8BEC6F24C696D300412B3B /* LoginViewController.m */,
			);
			path = "Login(登录)";
			sourceTree = "<group>";
		};
		5C8BEC7124C696D300412B3B /* Welcome(欢迎界面) */ = {
			isa = PBXGroup;
			children = (
				5C8BEC7224C696D300412B3B /* WelcomeViewController.h */,
				5C8BEC7324C696D300412B3B /* WelcomeViewController.m */,
			);
			path = "Welcome(欢迎界面)";
			sourceTree = "<group>";
		};
		5C8BEC7424C696D300412B3B /* Register(注册) */ = {
			isa = PBXGroup;
			children = (
				5C8BEC7624C696D300412B3B /* RegisterViewController.h */,
				5C8BEC7524C696D300412B3B /* RegisterViewController.m */,
			);
			path = "Register(注册)";
			sourceTree = "<group>";
		};
		5C8BEC7724C696D300412B3B /* Storage(存储) */ = {
			isa = PBXGroup;
			children = (
				5C8BEC7924C696D300412B3B /* SHSQLite.h */,
				5C8BEC7824C696D300412B3B /* SHSQLite.m */,
			);
			path = "Storage(存储)";
			sourceTree = "<group>";
		};
		5C8BEC7A24C696D300412B3B /* Service(网络请求) */ = {
			isa = PBXGroup;
			children = (
				5C8BECBF24C69A7E00412B3B /* SHServerRequest.h */,
				5C8BECBE24C69A7E00412B3B /* SHServerRequest.m */,
			);
			path = "Service(网络请求)";
			sourceTree = "<group>";
		};
		5C8BEC7F24C696D300412B3B /* Common(公共) */ = {
			isa = PBXGroup;
			children = (
				5C8BECB624C6988200412B3B /* RequestBase(请求基础) */,
				5C8BEC8324C696D300412B3B /* SHFileHelper */,
			);
			path = "Common(公共)";
			sourceTree = "<group>";
		};
		5C8BEC8324C696D300412B3B /* SHFileHelper */ = {
			isa = PBXGroup;
			children = (
				5C8BEC8424C696D300412B3B /* SHFileHelper.h */,
				5C8BEC8524C696D300412B3B /* SHFileHelper.m */,
			);
			path = SHFileHelper;
			sourceTree = "<group>";
		};
		5C8BEC8624C696D300412B3B /* Other(其他) */ = {
			isa = PBXGroup;
			children = (
				5C8BEC8724C696D300412B3B /* AppDelegate.h */,
				5C8BEC8824C696D300412B3B /* AppDelegate.m */,
			);
			path = "Other(其他)";
			sourceTree = "<group>";
		};
		5C8BEC8924C696D300412B3B /* Model(模型) */ = {
			isa = PBXGroup;
			children = (
				5C8BEC8A24C696D300412B3B /* IUesrModel.h */,
				5C8BEC8B24C696D300412B3B /* IUesrModel.m */,
				834CBC8A253FCB9E005214EC /* IShareModel.h */,
				834CBC8B253FCB9E005214EC /* IShareModel.m */,
			);
			path = "Model(模型)";
			sourceTree = "<group>";
		};
		5C8BEC8C24C696D300412B3B /* Category(类别) */ = {
			isa = PBXGroup;
			children = (
				83B4BAF324CADD6800F8E27B /* UIScrollView+SHExtension.h */,
				83B4BAF224CADD6800F8E27B /* UIScrollView+SHExtension.m */,
				5C8BECC224C69C7200412B3B /* AppDelegate+SHExtension.h */,
				5C8BECC124C69C7200412B3B /* AppDelegate+SHExtension.m */,
			);
			path = "Category(类别)";
			sourceTree = "<group>";
		};
		5C8BECB624C6988200412B3B /* RequestBase(请求基础) */ = {
			isa = PBXGroup;
			children = (
				5C8BECB724C6988200412B3B /* SHRequestBaseModel.h */,
				5C8BECBA24C6988200412B3B /* SHRequestBaseModel.m */,
				5C8BECB824C6988200412B3B /* SHRequestBase.h */,
				5C8BECB924C6988200412B3B /* SHRequestBase.m */,
			);
			path = "RequestBase(请求基础)";
			sourceTree = "<group>";
		};
		5C8BECC424C69DD900412B3B /* BaseClass(基类) */ = {
			isa = PBXGroup;
			children = (
				5C8BECC524C69E0300412B3B /* SHBaseTableViewCell.h */,
				5C8BECC624C69E0300412B3B /* SHBaseTableViewCell.m */,
				5C8BECC824C6A0C700412B3B /* SHBaseNavViewController.h */,
				5C8BECC924C6A0C700412B3B /* SHBaseNavViewController.m */,
				5C8BECCB24C6AD2300412B3B /* SHBaseViewController.h */,
				5C8BECCC24C6AD2300412B3B /* SHBaseViewController.m */,
				834CBC82253FCB2F005214EC /* SHWebViewController.h */,
				834CBC83253FCB2F005214EC /* SHWebViewController.m */,
				834CBC86253FCB73005214EC /* SHBaseModel.h */,
				834CBC87253FCB73005214EC /* SHBaseModel.m */,
			);
			path = "BaseClass(基类)";
			sourceTree = "<group>";
		};
		83CCC7C4256D05B000968720 /* SHRouting(路由) */ = {
			isa = PBXGroup;
			children = (
				83CCC7C5256D05D400968720 /* SHRouting.h */,
				83CCC7C6256D05D400968720 /* SHRouting.m */,
			);
			path = "SHRouting(路由)";
			sourceTree = "<group>";
		};
		83FE1024251D8C2E006E727A /* Header(头文件) */ = {
			isa = PBXGroup;
			children = (
				83FE1027251D8C2E006E727A /* PrefixHeader.pch */,
				83FE1025251D8C2E006E727A /* ClassHeader.h */,
				83FE1026251D8C2E006E727A /* InterfaceHeader.h */,
				83FE1028251D8C2E006E727A /* MacroHeader.h */,
			);
			path = "Header(头文件)";
			sourceTree = "<group>";
		};
		8CCAE27E56201EEE836CD64C /* Pods */ = {
			isa = PBXGroup;
			children = (
				E167D128F7F0D4AB54C8C3FA /* Pods-iOSAPP.debug.xcconfig */,
				16B3274A940011F3C0A1CAD0 /* Pods-iOSAPP.release.xcconfig */,
			);
			name = Pods;
			sourceTree = "<group>";
		};
		B98DA3A33A21CC1FD9E21B80 /* Frameworks */ = {
			isa = PBXGroup;
			children = (
				83CEFDCA2575D64100BC9EC4 /* XcodeKit.framework */,
				20B7BA484111B8E6CEBE7955 /* Pods_iOSAPP.framework */,
			);
			name = Frameworks;
			sourceTree = "<group>";
		};
/* End PBXGroup section */

/* Begin PBXNativeTarget section */
		5C25FEA01F68D72600F080A4 /* iOSAPP */ = {
			isa = PBXNativeTarget;
			buildConfigurationList = 5C25FEB81F68D72600F080A4 /* Build configuration list for PBXNativeTarget "iOSAPP" */;
			buildPhases = (
				A3D49583FBF2120C3C53B4DD /* [CP] Check Pods Manifest.lock */,
				5C25FE9D1F68D72600F080A4 /* Sources */,
				5C25FE9E1F68D72600F080A4 /* Frameworks */,
				5C25FE9F1F68D72600F080A4 /* Resources */,
				D06CF7ED9F6340C3A38DDD6F /* [CP] Embed Pods Frameworks */,
			);
			buildRules = (
			);
			dependencies = (
			);
			name = iOSAPP;
			productName = iOSAPP;
			productReference = 5C25FEA11F68D72600F080A4 /* iOSAPP.app */;
			productType = "com.apple.product-type.application";
		};
/* End PBXNativeTarget section */

/* Begin PBXProject section */
		5C25FE991F68D72600F080A4 /* Project object */ = {
			isa = PBXProject;
			attributes = {
				LastUpgradeCheck = 1220;
				ORGANIZATIONNAME = CSH;
				TargetAttributes = {
					5C25FEA01F68D72600F080A4 = {
						CreatedOnToolsVersion = 8.3.3;
						DevelopmentTeam = G94X5Y9CST;
						ProvisioningStyle = Automatic;
					};
				};
			};
			buildConfigurationList = 5C25FE9C1F68D72600F080A4 /* Build configuration list for PBXProject "iOSAPP" */;
			compatibilityVersion = "Xcode 3.2";
			developmentRegion = en;
			hasScannedForEncodings = 0;
			knownRegions = (
				en,
				Base,
			);
			mainGroup = 5C25FE981F68D72600F080A4;
			productRefGroup = 5C25FEA21F68D72600F080A4 /* Products */;
			projectDirPath = "";
			projectRoot = "";
			targets = (
				5C25FEA01F68D72600F080A4 /* iOSAPP */,
			);
		};
/* End PBXProject section */

/* Begin PBXResourcesBuildPhase section */
		5C25FE9F1F68D72600F080A4 /* Resources */ = {
			isa = PBXResourcesBuildPhase;
			buildActionMask = 2147483647;
			files = (
				5C25FEB41F68D72600F080A4 /* LaunchScreen.storyboard in Resources */,
				5C25FEB11F68D72600F080A4 /* Assets.xcassets in Resources */,
			);
			runOnlyForDeploymentPostprocessing = 0;
		};
/* End PBXResourcesBuildPhase section */

/* Begin PBXShellScriptBuildPhase section */
		A3D49583FBF2120C3C53B4DD /* [CP] Check Pods Manifest.lock */ = {
			isa = PBXShellScriptBuildPhase;
			buildActionMask = 2147483647;
			files = (
			);
			inputPaths = (
				"${PODS_PODFILE_DIR_PATH}/Podfile.lock",
				"${PODS_ROOT}/Manifest.lock",
			);
			name = "[CP] Check Pods Manifest.lock";
			outputPaths = (
				"$(DERIVED_FILE_DIR)/Pods-iOSAPP-checkManifestLockResult.txt",
			);
			runOnlyForDeploymentPostprocessing = 0;
			shellPath = /bin/sh;
			shellScript = "diff \"${PODS_PODFILE_DIR_PATH}/Podfile.lock\" \"${PODS_ROOT}/Manifest.lock\" > /dev/null\nif [ $? != 0 ] ; then\n    # print error to STDERR\n    echo \"error: The sandbox is not in sync with the Podfile.lock. Run 'pod install' or update your CocoaPods installation.\" >&2\n    exit 1\nfi\n# This output is used by Xcode 'outputs' to avoid re-running this script phase.\necho \"SUCCESS\" > \"${SCRIPT_OUTPUT_FILE_0}\"\n";
			showEnvVarsInLog = 0;
		};
		D06CF7ED9F6340C3A38DDD6F /* [CP] Embed Pods Frameworks */ = {
			isa = PBXShellScriptBuildPhase;
			buildActionMask = 2147483647;
			files = (
			);
			inputPaths = (
				"${PODS_ROOT}/Target Support Files/Pods-iOSAPP/Pods-iOSAPP-frameworks.sh",
				"${BUILT_PRODUCTS_DIR}/AFNetworking/AFNetworking.framework",
				"${BUILT_PRODUCTS_DIR}/FMDB/FMDB.framework",
				"${BUILT_PRODUCTS_DIR}/MBProgressHUD/MBProgressHUD.framework",
				"${BUILT_PRODUCTS_DIR}/MJExtension/MJExtension.framework",
				"${BUILT_PRODUCTS_DIR}/MJRefresh/MJRefresh.framework",
				"${BUILT_PRODUCTS_DIR}/SDWebImage/SDWebImage.framework",
				"${BUILT_PRODUCTS_DIR}/SHAVPlayer/SHAVPlayer.framework",
				"${BUILT_PRODUCTS_DIR}/SHActionSheetView/SHActionSheetView.framework",
				"${BUILT_PRODUCTS_DIR}/SHAlertView/SHAlertView.framework",
				"${BUILT_PRODUCTS_DIR}/SHClickTextView/SHClickTextView.framework",
				"${BUILT_PRODUCTS_DIR}/SHExtension/SHExtension.framework",
				"${BUILT_PRODUCTS_DIR}/SHScrollLayout/SHScrollLayout.framework",
				"${BUILT_PRODUCTS_DIR}/SHScrollView/SHScrollView.framework",
				"${BUILT_PRODUCTS_DIR}/SHToast/SHToast.framework",
			);
			name = "[CP] Embed Pods Frameworks";
			outputPaths = (
				"${TARGET_BUILD_DIR}/${FRAMEWORKS_FOLDER_PATH}/AFNetworking.framework",
				"${TARGET_BUILD_DIR}/${FRAMEWORKS_FOLDER_PATH}/FMDB.framework",
				"${TARGET_BUILD_DIR}/${FRAMEWORKS_FOLDER_PATH}/MBProgressHUD.framework",
				"${TARGET_BUILD_DIR}/${FRAMEWORKS_FOLDER_PATH}/MJExtension.framework",
				"${TARGET_BUILD_DIR}/${FRAMEWORKS_FOLDER_PATH}/MJRefresh.framework",
				"${TARGET_BUILD_DIR}/${FRAMEWORKS_FOLDER_PATH}/SDWebImage.framework",
				"${TARGET_BUILD_DIR}/${FRAMEWORKS_FOLDER_PATH}/SHAVPlayer.framework",
				"${TARGET_BUILD_DIR}/${FRAMEWORKS_FOLDER_PATH}/SHActionSheetView.framework",
				"${TARGET_BUILD_DIR}/${FRAMEWORKS_FOLDER_PATH}/SHAlertView.framework",
				"${TARGET_BUILD_DIR}/${FRAMEWORKS_FOLDER_PATH}/SHClickTextView.framework",
				"${TARGET_BUILD_DIR}/${FRAMEWORKS_FOLDER_PATH}/SHExtension.framework",
				"${TARGET_BUILD_DIR}/${FRAMEWORKS_FOLDER_PATH}/SHScrollLayout.framework",
				"${TARGET_BUILD_DIR}/${FRAMEWORKS_FOLDER_PATH}/SHScrollView.framework",
				"${TARGET_BUILD_DIR}/${FRAMEWORKS_FOLDER_PATH}/SHToast.framework",
			);
			runOnlyForDeploymentPostprocessing = 0;
			shellPath = /bin/sh;
			shellScript = "\"${PODS_ROOT}/Target Support Files/Pods-iOSAPP/Pods-iOSAPP-frameworks.sh\"\n";
			showEnvVarsInLog = 0;
		};
/* End PBXShellScriptBuildPhase section */

/* Begin PBXSourcesBuildPhase section */
		5C25FE9D1F68D72600F080A4 /* Sources */ = {
			isa = PBXSourcesBuildPhase;
			buildActionMask = 2147483647;
			files = (
				5C8BECAE24C696D300412B3B /* IUesrModel.m in Sources */,
				5C8BECC724C69E0300412B3B /* SHBaseTableViewCell.m in Sources */,
				83B4BAF424CADD6800F8E27B /* UIScrollView+SHExtension.m in Sources */,
				5C8BECBB24C6988200412B3B /* SHRequestBase.m in Sources */,
				5C8BECAC24C696D300412B3B /* SHFileHelper.m in Sources */,
				5C8BECA024C696D300412B3B /* FourViewController.m in Sources */,
				5C25FEA61F68D72600F080A4 /* main.m in Sources */,
				834CBC88253FCB73005214EC /* SHBaseModel.m in Sources */,
				5C8BECA124C696D300412B3B /* MainTabBarController.m in Sources */,
				5C8BECC324C69C7300412B3B /* AppDelegate+SHExtension.m in Sources */,
				5C8BECA424C696D300412B3B /* ThreeViewController.m in Sources */,
				5C8BECC024C69A7E00412B3B /* SHServerRequest.m in Sources */,
				5C8BECCD24C6AD2300412B3B /* SHBaseViewController.m in Sources */,
				83C8913D250B56D3001AE9D1 /* SHTabBar.m in Sources */,
				5C8BECA824C696D300412B3B /* SHSQLite.m in Sources */,
				83CCC7C7256D05D400968720 /* SHRouting.m in Sources */,
				5C8BECBC24C6988200412B3B /* SHRequestBaseModel.m in Sources */,
				5C8BECA724C696D300412B3B /* RegisterViewController.m in Sources */,
				5C8BECA524C696D300412B3B /* LoginViewController.m in Sources */,
				5C8BECA624C696D300412B3B /* WelcomeViewController.m in Sources */,
				5C8BECA324C696D300412B3B /* TwoViewController.m in Sources */,
				834CBC84253FCB2F005214EC /* SHWebViewController.m in Sources */,
				5C8BECA224C696D300412B3B /* OneViewController.m in Sources */,
				5C8BECCA24C6A0C700412B3B /* SHBaseNavViewController.m in Sources */,
				5C8BECAD24C696D300412B3B /* AppDelegate.m in Sources */,
				834CBC8C253FCB9E005214EC /* IShareModel.m in Sources */,
			);
			runOnlyForDeploymentPostprocessing = 0;
		};
/* End PBXSourcesBuildPhase section */

/* Begin PBXVariantGroup section */
		5C25FEB21F68D72600F080A4 /* LaunchScreen.storyboard */ = {
			isa = PBXVariantGroup;
			children = (
				5C25FEB31F68D72600F080A4 /* Base */,
			);
			name = LaunchScreen.storyboard;
			sourceTree = "<group>";
		};
/* End PBXVariantGroup section */

/* Begin XCBuildConfiguration section */
		5C25FEB61F68D72600F080A4 /* Debug */ = {
			isa = XCBuildConfiguration;
			buildSettings = {
				ALWAYS_SEARCH_USER_PATHS = NO;
				CLANG_ANALYZER_LOCALIZABILITY_NONLOCALIZED = YES;
				CLANG_ANALYZER_NONNULL = YES;
				CLANG_ANALYZER_NUMBER_OBJECT_CONVERSION = YES_AGGRESSIVE;
				CLANG_CXX_LANGUAGE_STANDARD = "gnu++0x";
				CLANG_CXX_LIBRARY = "libc++";
				CLANG_ENABLE_MODULES = YES;
				CLANG_ENABLE_OBJC_ARC = YES;
				CLANG_WARN_BLOCK_CAPTURE_AUTORELEASING = YES;
				CLANG_WARN_BOOL_CONVERSION = YES;
				CLANG_WARN_COMMA = YES;
				CLANG_WARN_CONSTANT_CONVERSION = YES;
				CLANG_WARN_DEPRECATED_OBJC_IMPLEMENTATIONS = YES;
				CLANG_WARN_DIRECT_OBJC_ISA_USAGE = YES_ERROR;
				CLANG_WARN_DOCUMENTATION_COMMENTS = YES;
				CLANG_WARN_EMPTY_BODY = YES;
				CLANG_WARN_ENUM_CONVERSION = YES;
				CLANG_WARN_INFINITE_RECURSION = YES;
				CLANG_WARN_INT_CONVERSION = YES;
				CLANG_WARN_NON_LITERAL_NULL_CONVERSION = YES;
				CLANG_WARN_OBJC_IMPLICIT_RETAIN_SELF = YES;
				CLANG_WARN_OBJC_LITERAL_CONVERSION = YES;
				CLANG_WARN_OBJC_ROOT_CLASS = YES_ERROR;
				CLANG_WARN_QUOTED_INCLUDE_IN_FRAMEWORK_HEADER = YES;
				CLANG_WARN_RANGE_LOOP_ANALYSIS = YES;
				CLANG_WARN_STRICT_PROTOTYPES = YES;
				CLANG_WARN_SUSPICIOUS_MOVE = YES;
				CLANG_WARN_UNREACHABLE_CODE = YES;
				CLANG_WARN__DUPLICATE_METHOD_MATCH = YES;
				"CODE_SIGN_IDENTITY[sdk=iphoneos*]" = "iPhone Developer";
				COPY_PHASE_STRIP = NO;
				DEBUG_INFORMATION_FORMAT = dwarf;
				ENABLE_STRICT_OBJC_MSGSEND = YES;
				ENABLE_TESTABILITY = YES;
				GCC_C_LANGUAGE_STANDARD = gnu99;
				GCC_DYNAMIC_NO_PIC = NO;
				GCC_NO_COMMON_BLOCKS = YES;
				GCC_OPTIMIZATION_LEVEL = 0;
				GCC_PREPROCESSOR_DEFINITIONS = (
					"DEBUG=1",
					"$(inherited)",
				);
				GCC_WARN_64_TO_32_BIT_CONVERSION = YES;
				GCC_WARN_ABOUT_RETURN_TYPE = YES_ERROR;
				GCC_WARN_UNDECLARED_SELECTOR = YES;
				GCC_WARN_UNINITIALIZED_AUTOS = YES_AGGRESSIVE;
				GCC_WARN_UNUSED_FUNCTION = YES;
				GCC_WARN_UNUSED_VARIABLE = YES;
				IPHONEOS_DEPLOYMENT_TARGET = 12.0;
				MTL_ENABLE_DEBUG_INFO = YES;
				ONLY_ACTIVE_ARCH = YES;
				SDKROOT = iphoneos;
				TARGETED_DEVICE_FAMILY = "1,2";
			};
			name = Debug;
		};
		5C25FEB71F68D72600F080A4 /* Release */ = {
			isa = XCBuildConfiguration;
			buildSettings = {
				ALWAYS_SEARCH_USER_PATHS = NO;
				CLANG_ANALYZER_LOCALIZABILITY_NONLOCALIZED = YES;
				CLANG_ANALYZER_NONNULL = YES;
				CLANG_ANALYZER_NUMBER_OBJECT_CONVERSION = YES_AGGRESSIVE;
				CLANG_CXX_LANGUAGE_STANDARD = "gnu++0x";
				CLANG_CXX_LIBRARY = "libc++";
				CLANG_ENABLE_MODULES = YES;
				CLANG_ENABLE_OBJC_ARC = YES;
				CLANG_WARN_BLOCK_CAPTURE_AUTORELEASING = YES;
				CLANG_WARN_BOOL_CONVERSION = YES;
				CLANG_WARN_COMMA = YES;
				CLANG_WARN_CONSTANT_CONVERSION = YES;
				CLANG_WARN_DEPRECATED_OBJC_IMPLEMENTATIONS = YES;
				CLANG_WARN_DIRECT_OBJC_ISA_USAGE = YES_ERROR;
				CLANG_WARN_DOCUMENTATION_COMMENTS = YES;
				CLANG_WARN_EMPTY_BODY = YES;
				CLANG_WARN_ENUM_CONVERSION = YES;
				CLANG_WARN_INFINITE_RECURSION = YES;
				CLANG_WARN_INT_CONVERSION = YES;
				CLANG_WARN_NON_LITERAL_NULL_CONVERSION = YES;
				CLANG_WARN_OBJC_IMPLICIT_RETAIN_SELF = YES;
				CLANG_WARN_OBJC_LITERAL_CONVERSION = YES;
				CLANG_WARN_OBJC_ROOT_CLASS = YES_ERROR;
				CLANG_WARN_QUOTED_INCLUDE_IN_FRAMEWORK_HEADER = YES;
				CLANG_WARN_RANGE_LOOP_ANALYSIS = YES;
				CLANG_WARN_STRICT_PROTOTYPES = YES;
				CLANG_WARN_SUSPICIOUS_MOVE = YES;
				CLANG_WARN_UNREACHABLE_CODE = YES;
				CLANG_WARN__DUPLICATE_METHOD_MATCH = YES;
				"CODE_SIGN_IDENTITY[sdk=iphoneos*]" = "iPhone Developer";
				COPY_PHASE_STRIP = NO;
				DEBUG_INFORMATION_FORMAT = "dwarf-with-dsym";
				ENABLE_NS_ASSERTIONS = NO;
				ENABLE_STRICT_OBJC_MSGSEND = YES;
				GCC_C_LANGUAGE_STANDARD = gnu99;
				GCC_NO_COMMON_BLOCKS = YES;
				GCC_WARN_64_TO_32_BIT_CONVERSION = YES;
				GCC_WARN_ABOUT_RETURN_TYPE = YES_ERROR;
				GCC_WARN_UNDECLARED_SELECTOR = YES;
				GCC_WARN_UNINITIALIZED_AUTOS = YES_AGGRESSIVE;
				GCC_WARN_UNUSED_FUNCTION = YES;
				GCC_WARN_UNUSED_VARIABLE = YES;
				IPHONEOS_DEPLOYMENT_TARGET = 12.0;
				MTL_ENABLE_DEBUG_INFO = NO;
				SDKROOT = iphoneos;
				TARGETED_DEVICE_FAMILY = "1,2";
				VALIDATE_PRODUCT = YES;
			};
			name = Release;
		};
		5C25FEB91F68D72600F080A4 /* Debug */ = {
			isa = XCBuildConfiguration;
			baseConfigurationReference = E167D128F7F0D4AB54C8C3FA /* Pods-iOSAPP.debug.xcconfig */;
			buildSettings = {
				ASSETCATALOG_COMPILER_APPICON_NAME = AppIcon;
				CODE_SIGN_ENTITLEMENTS = iOSAPP/iOSAPP.entitlements;
				DEVELOPMENT_TEAM = G94X5Y9CST;
				ENABLE_BITCODE = NO;
				GCC_PRECOMPILE_PREFIX_HEADER = YES;
				GCC_PREFIX_HEADER = "iOSAPP/Header(头文件)/PrefixHeader.pch";
				INFOPLIST_FILE = iOSAPP/Info.plist;
				IPHONEOS_DEPLOYMENT_TARGET = 12.0;
				LD_RUNPATH_SEARCH_PATHS = "$(inherited) @executable_path/Frameworks";
				MARKETING_VERSION = 1.0.0;
				PRODUCT_BUNDLE_IDENTIFIER = com.ccsh.app;
				PRODUCT_NAME = "$(TARGET_NAME)";
				TARGETED_DEVICE_FAMILY = 1;
				USER_HEADER_SEARCH_PATHS = "${SRCROOT}";
			};
			name = Debug;
		};
		5C25FEBA1F68D72600F080A4 /* Release */ = {
			isa = XCBuildConfiguration;
			baseConfigurationReference = 16B3274A940011F3C0A1CAD0 /* Pods-iOSAPP.release.xcconfig */;
			buildSettings = {
				ASSETCATALOG_COMPILER_APPICON_NAME = AppIcon;
				CODE_SIGN_ENTITLEMENTS = iOSAPP/iOSAPP.entitlements;
				DEVELOPMENT_TEAM = G94X5Y9CST;
				ENABLE_BITCODE = NO;
				GCC_PRECOMPILE_PREFIX_HEADER = YES;
				GCC_PREFIX_HEADER = "iOSAPP/Header(头文件)/PrefixHeader.pch";
				INFOPLIST_FILE = iOSAPP/Info.plist;
				IPHONEOS_DEPLOYMENT_TARGET = 12.0;
				LD_RUNPATH_SEARCH_PATHS = "$(inherited) @executable_path/Frameworks";
				MARKETING_VERSION = 1.0.0;
				PRODUCT_BUNDLE_IDENTIFIER = com.ccsh.app;
				PRODUCT_NAME = "$(TARGET_NAME)";
				TARGETED_DEVICE_FAMILY = 1;
				USER_HEADER_SEARCH_PATHS = "${SRCROOT}";
			};
			name = Release;
		};
/* End XCBuildConfiguration section */

/* Begin XCConfigurationList section */
		5C25FE9C1F68D72600F080A4 /* Build configuration list for PBXProject "iOSAPP" */ = {
			isa = XCConfigurationList;
			buildConfigurations = (
				5C25FEB61F68D72600F080A4 /* Debug */,
				5C25FEB71F68D72600F080A4 /* Release */,
			);
			defaultConfigurationIsVisible = 0;
			defaultConfigurationName = Release;
		};
		5C25FEB81F68D72600F080A4 /* Build configuration list for PBXNativeTarget "iOSAPP" */ = {
			isa = XCConfigurationList;
			buildConfigurations = (
				5C25FEB91F68D72600F080A4 /* Debug */,
				5C25FEBA1F68D72600F080A4 /* Release */,
			);
			defaultConfigurationIsVisible = 0;
			defaultConfigurationName = Release;
		};
/* End XCConfigurationList section */
	};
	rootObject = 5C25FE991F68D72600F080A4 /* Project object */;
}
